
Microsoft Visual Studio Solution File, Format Version 12.00
# Visual Studio Version 16
VisualStudioVersion = 16.0.32929.386
MinimumVisualStudioVersion = 10.0.40219.1
Project("{FAE04EC0-301F-11D3-BF4B-00C04F79EFBC}") = "INDEPENDENT WORK 19. LINQ", "INDEPENDENT WORK 19. LINQ\INDEPENDENT WORK 19. LINQ.csproj", "{40247657-78A1-4795-870A-F3D5E3A975CC}"
EndProject
Global
	GlobalSection(SolutionConfigurationPlatforms) = preSolution
		Debug|Any CPU = Debug|Any CPU
		Release|Any CPU = Release|Any CPU
	EndGlobalSection
	GlobalSection(ProjectConfigurationPlatforms) = postSolution
		{40247657-78A1-4795-870A-F3D5E3A975CC}.Debug|Any CPU.ActiveCfg = Debug|Any CPU
		{40247657-78A1-4795-870A-F3D5E3A975CC}.Debug|Any CPU.Build.0 = Debug|Any CPU
		{40247657-78A1-4795-870A-F3D5E3A975CC}.Release|Any CPU.ActiveCfg = Release|Any CPU
		{40247657-78A1-4795-870A-F3D5E3A975CC}.Release|Any CPU.Build.0 = Release|Any CPU
	EndGlobalSection
	GlobalSection(SolutionProperties) = preSolution
		HideSolutionNode = FALSE
	EndGlobalSection
	GlobalSection(ExtensibilityGlobals) = postSolution
		SolutionGuid = {B3238829-FF2F-42FF-BDE8-5EEBD629C43E}
	EndGlobalSection
EndGlobal
